{
  "name": "node-http-response-wrapper",
  "version": "1.0.0",
  "lockfileVersion": 1,
  "requires": true,
  "dependencies": {
    "http-status-utility": {
      "version": "1.0.2",
      "resolved": "https://registry.npmjs.org/http-status-utility/-/http-status-utility-1.0.2.tgz",
      "integrity": "sha512-AmM0fF6QiwqWuR2UzpeHbX9iys624FPgon3NaW3MGfgonNAfp7v5GorIbj0cyUbMliXNg+67/Bs1ozEUrijlsw=="
    }
  }
}
